// !$*UTF8*$!
{
	archiveVersion = 1;
	classes = {
	};
	objectVersion = 46;
	objects = {

/* Begin PBXBuildFile section */
		1F6C64DB19D3936900E4FCBE /* AppDelegate.swift in Sources */ = {isa = PBXBuildFile; fileRef = 1F6C64DA19D3936900E4FCBE /* AppDelegate.swift */; };
		1F6C64DD19D3936900E4FCBE /* ViewController.swift in Sources */ = {isa = PBXBuildFile; fileRef = 1F6C64DC19D3936900E4FCBE /* ViewController.swift */; };
		1F6C64E019D3936900E4FCBE /* Main.storyboard in Resources */ = {isa = PBXBuildFile; fileRef = 1F6C64DE19D3936900E4FCBE /* Main.storyboard */; };
		1F6C64E219D3936900E4FCBE /* Images.xcassets in Resources */ = {isa = PBXBuildFile; fileRef = 1F6C64E119D3936900E4FCBE /* Images.xcassets */; };
		1F6C64E519D3936900E4FCBE /* LaunchScreen.xib in Resources */ = {isa = PBXBuildFile; fileRef = 1F6C64E319D3936900E4FCBE /* LaunchScreen.xib */; };
		1F6C64F119D3936900E4FCBE /* tipsTests.swift in Sources */ = {isa = PBXBuildFile; fileRef = 1F6C64F019D3936900E4FCBE /* tipsTests.swift */; };
/* End PBXBuildFile section */

/* Begin PBXContainerItemProxy section */
		1F6C64EB19D3936900E4FCBE /* PBXContainerItemProxy */ = {
			isa = PBXContainerItemProxy;
			containerPortal = 1F6C64CD19D3936900E4FCBE /* Project object */;
			proxyType = 1;
			remoteGlobalIDString = 1F6C64D419D3936900E4FCBE;
			remoteInfo = tips;
		};
/* End PBXContainerItemProxy section */

/* Begin PBXFileReference section */
		1F6C64D519D3936900E4FCBE /* tips.app */ = {isa = PBXFileReference; explicitFileType = wrapper.application; includeInIndex = 0; path = tips.app; sourceTree = BUILT_PRODUCTS_DIR; };
		1F6C64D919D3936900E4FCBE /* Info.plist */ = {isa = PBXFileReference; lastKnownFileType = text.plist.xml; path = Info.plist; sourceTree = "<group>"; };
		1F6C64DA19D3936900E4FCBE /* AppDelegate.swift */ = {isa = PBXFileReference; lastKnownFileType = sourcecode.swift; path = AppDelegate.swift; sourceTree = "<group>"; };
		1F6C64DC19D3936900E4FCBE /* ViewController.swift */ = {isa = PBXFileReference; lastKnownFileType = sourcecode.swift; path = ViewController.swift; sourceTree = "<group>"; };
		1F6C64DF19D3936900E4FCBE /* Base */ = {isa = PBXFileReference; lastKnownFileType = file.storyboard; name = Base; path = Base.lproj/Main.storyboard; sourceTree = "<group>"; };
		1F6C64E119D3936900E4FCBE /* Images.xcassets */ = {isa = PBXFileReference; lastKnownFileType = folder.assetcatalog; path = Images.xcassets; sourceTree = "<group>"; };
		1F6C64E419D3936900E4FCBE /* Base */ = {isa = PBXFileReference; lastKnownFileType = file.xib; name = Base; path = Base.lproj/LaunchScreen.xib; sourceTree = "<group>"; };
		1F6C64EA19D3936900E4FCBE /* tipsTests.xctest */ = {isa = PBXFileReference; explicitFileType = wrapper.cfbundle; includeInIndex = 0; path = tipsTests.xctest; sourceTree = BUILT_PRODUCTS_DIR; };
		1F6C64EF19D3936900E4FCBE /* Info.plist */ = {isa = PBXFileReference; lastKnownFileType = text.plist.xml; path = Info.plist; sourceTree = "<group>"; };
		1F6C64F019D3936900E4FCBE /* tipsTests.swift */ = {isa = PBXFileReference; lastKnownFileType = sourcecode.swift; path = tipsTests.swift; sourceTree = "<group>"; };
/* End PBXFileReference section */

/* Begin PBXFrameworksBuildPhase section */
		1F6C64D219D3936900E4FCBE /* Frameworks */ = {
			isa = PBXFrameworksBuildPhase;
			buildActionMask = 2147483647;
			files = (
			);
			runOnlyForDeploymentPostprocessing = 0;
		};
		1F6C64E719D3936900E4FCBE /* Frameworks */ = {
			isa = PBXFrameworksBuildPhase;
			buildActionMask = 2147483647;
			files = (
			);
			runOnlyForDeploymentPostprocessing = 0;
		};
/* End PBXFrameworksBuildPhase section */

/* Begin PBXGroup section */
		1F6C64CC19D3936900E4FCBE = {
			isa = PBXGroup;
			children = (
				1F6C64D719D3936900E4FCBE /* tips */,
				1F6C64ED19D3936900E4FCBE /* tipsTests */,
				1F6C64D619D3936900E4FCBE /* Products */,
			);
			sourceTree = "<group>";
		};
		1F6C64D619D3936900E4FCBE /* Products */ = {
			isa = PBXGroup;
			children = (
				1F6C64D519D3936900E4FCBE /* tips.app */,
				1F6C64EA19D3936900E4FCBE /* tipsTests.xctest */,
			);
			name = Products;
			sourceTree = "<group>";
		};
		1F6C64D719D3936900E4FCBE /* tips */ = {
			isa = PBXGroup;
			children = (
				1F6C64DA19D3936900E4FCBE /* AppDelegate.swift */,
				1F6C64DC19D3936900E4FCBE /* ViewController.swift */,
				1F6C64DE19D3936900E4FCBE /* Main.storyboard */,
				1F6C64E119D3936900E4FCBE /* Images.xcassets */,
				1F6C64E319D3936900E4FCBE /* LaunchScreen.xib */,
				1F6C64D819D3936900E4FCBE /* Supporting Files */,
			);
			path = tips;
			sourceTree = "<group>";
		};
		1F6C64D819D3936900E4FCBE /* Supporting Files */ = {
			isa = PBXGroup;
			children = (
				1F6C64D919D3936900E4FCBE /* Info.plist */,
			);
			name = "Supporting Files";
			sourceTree = "<group>";
		};
		1F6C64ED19D3936900E4FCBE /* tipsTests */ = {
			isa = PBXGroup;
			children = (
				1F6C64F019D3936900E4FCBE /* tipsTests.swift */,
				1F6C64EE19D3936900E4FCBE /* Supporting Files */,
			);
			path = tipsTests;
			sourceTree = "<group>";
		};
		1F6C64EE19D3936900E4FCBE /* Supporting Files */ = {
			isa = PBXGroup;
			children = (
				1F6C64EF19D3936900E4FCBE /* Info.plist */,
			);
			name = "Supporting Files";
			sourceTree = "<group>";
		};
/* End PBXGroup section */

/* Begin PBXNativeTarget section */
		1F6C64D419D3936900E4FCBE /* tips */ = {
			isa = PBXNativeTarget;
			buildConfigurationList = 1F6C64F419D3936900E4FCBE /* Build configuration list for PBXNativeTarget "tips" */;
			buildPhases = (
				1F6C64D119D3936900E4FCBE /* Sources */,
				1F6C64D219D3936900E4FCBE /* Frameworks */,
				1F6C64D319D3936900E4FCBE /* Resources */,
			);
			buildRules = (
			);
			dependencies = (
			);
			name = tips;
			productName = tips;
			productReference = 1F6C64D519D3936900E4FCBE /* tips.app */;
			productType = "com.apple.product-type.application";
		};
		1F6C64E919D3936900E4FCBE /* tipsTests */ = {
			isa = PBXNativeTarget;
			buildConfigurationList = 1F6C64F719D3936900E4FCBE /* Build configuration list for PBXNativeTarget "tipsTests" */;
			buildPhases = (
				1F6C64E619D3936900E4FCBE /* Sources */,
				1F6C64E719D3936900E4FCBE /* Frameworks */,
				1F6C64E819D3936900E4FCBE /* Resources */,
			);
			buildRules = (
			);
			dependencies = (
				1F6C64EC19D3936900E4FCBE /* PBXTargetDependency */,
			);
			name = tipsTests;
			productName = tipsTests;
			productReference = 1F6C64EA19D3936900E4FCBE /* tipsTests.xctest */;
			productType = "com.apple.product-type.bundle.unit-test";
		};
/* End PBXNativeTarget section */

/* Begin PBXProject section */
		1F6C64CD19D3936900E4FCBE /* Project object */ = {
			isa = PBXProject;
			attributes = {
				LastUpgradeCheck = 0600;
				ORGANIZATIONNAME = Tad;
				TargetAttributes = {
					1F6C64D419D3936900E4FCBE = {
						CreatedOnToolsVersion = 6.0.1;
					};
					1F6C64E919D3936900E4FCBE = {
						CreatedOnToolsVersion = 6.0.1;
						TestTargetID = 1F6C64D419D3936900E4FCBE;
					};
				};
			};
			buildConfigurationList = 1F6C64D019D3936900E4FCBE /* Build configuration list for PBXProject "tips" */;
			compatibilityVersion = "Xcode 3.2";
			developmentRegion = English;
			hasScannedForEncodings = 0;
			knownRegions = (
				en,
				Base,
			);
			mainGroup = 1F6C64CC19D3936900E4FCBE;
			productRefGroup = 1F6C64D619D3936900E4FCBE /* Products */;
			projectDirPath = "";
			projectRoot = "";
			targets = (
				1F6C64D419D3936900E4FCBE /* tips */,
				1F6C64E919D3936900E4FCBE /* tipsTests */,
			);
		};
/* End PBXProject section */

/* Begin PBXResourcesBuildPhase section */
		1F6C64D319D3936900E4FCBE /* Resources */ = {
			isa = PBXResourcesBuildPhase;
			buildActionMask = 2147483647;
			files = (
				1F6C64E019D3936900E4FCBE /* Main.storyboard in Resources */,
				1F6C64E519D3936900E4FCBE /* LaunchScreen.xib in Resources */,
				1F6C64E219D3936900E4FCBE /* Images.xcassets in Resources */,
			);
			runOnlyForDeploymentPostprocessing = 0;
		};
		1F6C64E819D3936900E4FCBE /* Resources */ = {
			isa = PBXResourcesBuildPhase;
			buildActionMask = 2147483647;
			files = (
			);
			runOnlyForDeploymentPostprocessing = 0;
		};
/* End PBXResourcesBuildPhase section */

/* Begin PBXSourcesBuildPhase section */
		1F6C64D119D3936900E4FCBE /* Sources */ = {
			isa = PBXSourcesBuildPhase;
			buildActionMask = 2147483647;
			files = (
				1F6C64DD19D3936900E4FCBE /* ViewController.swift in Sources */,
				1F6C64DB19D3936900E4FCBE /* AppDelegate.swift in Sources */,
			);
			runOnlyForDeploymentPostprocessing = 0;
		};
		1F6C64E619D3936900E4FCBE /* Sources */ = {
			isa = PBXSourcesBuildPhase;
			buildActionMask = 2147483647;
			files = (
				1F6C64F119D3936900E4FCBE /* tipsTests.swift in Sources */,
			);
			runOnlyForDeploymentPostprocessing = 0;
		};
/* End PBXSourcesBuildPhase section */

/* Begin PBXTargetDependency section */
		1F6C64EC19D3936900E4FCBE /* PBXTargetDependency */ = {
			isa = PBXTargetDependency;
			target = 1F6C64D419D3936900E4FCBE /* tips */;
			targetProxy = 1F6C64EB19D3936900E4FCBE /* PBXContainerItemProxy */;
		};
/* End PBXTargetDependency section */

/* Begin PBXVariantGroup section */
		1F6C64DE19D3936900E4FCBE /* Main.storyboard */ = {
			isa = PBXVariantGroup;
			children = (
				1F6C64DF19D3936900E4FCBE /* Base */,
			);
			name = Main.storyboard;
			sourceTree = "<group>";
		};
		1F6C64E319D3936900E4FCBE /* LaunchScreen.xib */ = {
			isa = PBXVariantGroup;
			children = (
				1F6C64E419D3936900E4FCBE /* Base */,
			);
			name = LaunchScreen.xib;
			sourceTree = "<group>";
		};
/* End PBXVariantGroup section */

/* Begin XCBuildConfiguration section */
		1F6C64F219D3936900E4FCBE /* Debug */ = {
			isa = XCBuildConfiguration;
			buildSettings = {
				ALWAYS_SEARCH_USER_PATHS = NO;
				CLANG_CXX_LANGUAGE_STANDARD = "gnu++0x";
				CLANG_CXX_LIBRARY = "libc++";
				CLANG_ENABLE_MODULES = YES;
				CLANG_ENABLE_OBJC_ARC = YES;
				CLANG_WARN_BOOL_CONVERSION = YES;
				CLANG_WARN_CONSTANT_CONVERSION = YES;
				CLANG_WARN_DIRECT_OBJC_ISA_USAGE = YES_ERROR;
				CLANG_WARN_EMPTY_BODY = YES;
				CLANG_WARN_ENUM_CONVERSION = YES;
				CLANG_WARN_INT_CONVERSION = YES;
				CLANG_WARN_OBJC_ROOT_CLASS = YES_ERROR;
				CLANG_WARN_UNREACHABLE_CODE = YES;
				CLANG_WARN__DUPLICATE_METHOD_MATCH = YES;
				"CODE_SIGN_IDENTITY[sdk=iphoneos*]" = "iPhone Developer";
				COPY_PHASE_STRIP = NO;
				ENABLE_STRICT_OBJC_MSGSEND = YES;
				GCC_C_LANGUAGE_STANDARD = gnu99;
				GCC_DYNAMIC_NO_PIC = NO;
				GCC_OPTIMIZATION_LEVEL = 0;
				GCC_PREPROCESSOR_DEFINITIONS = (
					"DEBUG=1",
					"$(inherited)",
				);
				GCC_SYMBOLS_PRIVATE_EXTERN = NO;
				GCC_WARN_64_TO_32_BIT_CONVERSION = YES;
				GCC_WARN_ABOUT_RETURN_TYPE = YES_ERROR;
				GCC_WARN_UNDECLARED_SELECTOR = YES;
				GCC_WARN_UNINITIALIZED_AUTOS = YES_AGGRESSIVE;
				GCC_WARN_UNUSED_FUNCTION = YES;
				GCC_WARN_UNUSED_VARIABLE = YES;
				IPHONEOS_DEPLOYMENT_TARGET = 8.0;
				MTL_ENABLE_DEBUG_INFO = YES;
				ONLY_ACTIVE_ARCH = YES;
				SDKROOT = iphoneos;
				SWIFT_OPTIMIZATION_LEVEL = "-Onone";
			};
			name = Debug;
		};
		1F6C64F319D3936900E4FCBE /* Release */ = {
			isa = XCBuildConfiguration;
			buildSettings = {
				ALWAYS_SEARCH_USER_PATHS = NO;
				CLANG_CXX_LANGUAGE_STANDARD = "gnu++0x";
				CLANG_CXX_LIBRARY = "libc++";
				CLANG_ENABLE_MODULES = YES;
				CLANG_ENABLE_OBJC_ARC = YES;
				CLANG_WARN_BOOL_CONVERSION = YES;
				CLANG_WARN_CONSTANT_CONVERSION = YES;
				CLANG_WARN_DIRECT_OBJC_ISA_USAGE = YES_ERROR;
				CLANG_WARN_EMPTY_BODY = YES;
				CLANG_WARN_ENUM_CONVERSION = YES;
				CLANG_WARN_INT_CONVERSION = YES;
				CLANG_WARN_OBJC_ROOT_CLASS = YES_ERROR;
				CLANG_WARN_UNREACHABLE_CODE = YES;
				CLANG_WARN__DUPLICATE_METHOD_MATCH = YES;
				"CODE_SIGN_IDENTITY[sdk=iphoneos*]" = "iPhone Developer";
				COPY_PHASE_STRIP = YES;
				ENABLE_NS_ASSERTIONS = NO;
				ENABLE_STRICT_OBJC_MSGSEND = YES;
				GCC_C_LANGUAGE_STANDARD = gnu99;
				GCC_WARN_64_TO_32_BIT_CONVERSION = YES;
				GCC_WARN_ABOUT_RETURN_TYPE = YES_ERROR;
				GCC_WARN_UNDECLARED_SELECTOR = YES;
				GCC_WARN_UNINITIALIZED_AUTOS = YES_AGGRESSIVE;
				GCC_WARN_UNUSED_FUNCTION = YES;
				GCC_WARN_UNUSED_VARIABLE = YES;
				IPHONEOS_DEPLOYMENT_TARGET = 8.0;
				MTL_ENABLE_DEBUG_INFO = NO;
				SDKROOT = iphoneos;
				VALIDATE_PRODUCT = YES;
			};
			name = Release;
		};
		1F6C64F519D3936900E4FCBE /* Debug */ = {
			isa = XCBuildConfiguration;
			buildSettings = {
				ASSETCATALOG_COMPILER_APPICON_NAME = AppIcon;
				INFOPLIST_FILE = tips/Info.plist;
				LD_RUNPATH_SEARCH_PATHS = "$(inherited) @executable_path/Frameworks";
				PRODUCT_NAME = "$(TARGET_NAME)";
			};
			name = Debug;
		};
		1F6C64F619D3936900E4FCBE /* Release */ = {
			isa = XCBuildConfiguration;
			buildSettings = {
				ASSETCATALOG_COMPILER_APPICON_NAME = AppIcon;
				INFOPLIST_FILE = tips/Info.plist;
				LD_RUNPATH_SEARCH_PATHS = "$(inherited) @executable_path/Frameworks";
				PRODUCT_NAME = "$(TARGET_NAME)";
			};
			name = Release;
		};
		1F6C64F819D3936900E4FCBE /* Debug */ = {
			isa = XCBuildConfiguration;
			buildSettings = {
				BUNDLE_LOADER = "$(TEST_HOST)";
				FRAMEWORK_SEARCH_PATHS = (
					"$(SDKROOT)/Developer/Library/Frameworks",
					"$(inherited)",
				);
				GCC_PREPROCESSOR_DEFINITIONS = (
					"DEBUG=1",
					"$(inherited)",
				);
				INFOPLIST_FILE = tipsTests/Info.plist;
				LD_RUNPATH_SEARCH_PATHS = "$(inherited) @executable_path/Frameworks @loader_path/Frameworks";
				PRODUCT_NAME = "$(TARGET_NAME)";
				TEST_HOST = "$(BUILT_PRODUCTS_DIR)/tips.app/tips";
			};
			name = Debug;
		};
		1F6C64F919D3936900E4FCBE /* Release */ = {
			isa = XCBuildConfiguration;
			buildSettings = {
				BUNDLE_LOADER = "$(TEST_HOST)";
				FRAMEWORK_SEARCH_PATHS = (
					"$(SDKROOT)/Developer/Library/Frameworks",
					"$(inherited)",
				);
				INFOPLIST_FILE = tipsTests/Info.plist;
				LD_RUNPATH_SEARCH_PATHS = "$(inherited) @executable_path/Frameworks @loader_path/Frameworks";
				PRODUCT_NAME = "$(TARGET_NAME)";
				TEST_HOST = "$(BUILT_PRODUCTS_DIR)/tips.app/tips";
			};
			name = Release;
		};
/* End XCBuildConfiguration section */

/* Begin XCConfigurationList section */
		1F6C64D019D3936900E4FCBE /* Build configuration list for PBXProject "tips" */ = {
			isa = XCConfigurationList;
			buildConfigurations = (
				1F6C64F219D3936900E4FCBE /* Debug */,
				1F6C64F319D3936900E4FCBE /* Release */,
			);
			defaultConfigurationIsVisible = 0;
			defaultConfigurationName = Release;
		};
		1F6C64F419D3936900E4FCBE /* Build configuration list for PBXNativeTarget "tips" */ = {
			isa = XCConfigurationList;
			buildConfigurations = (
				1F6C64F519D3936900E4FCBE /* Debug */,
				1F6C64F619D3936900E4FCBE /* Release */,
			);
			defaultConfigurationIsVisible = 0;
		};
		1F6C64F719D3936900E4FCBE /* Build configuration list for PBXNativeTarget "tipsTests" */ = {
			isa = XCConfigurationList;
			buildConfigurations = (
				1F6C64F819D3936900E4FCBE /* Debug */,
				1F6C64F919D3936900E4FCBE /* Release */,
			);
			defaultConfigurationIsVisible = 0;
		};
/* End XCConfigurationList section */
	};
	rootObject = 1F6C64CD19D3936900E4FCBE /* Project object */;
}
